
Microsoft Visual Studio Solution File, Format Version 12.00
# Visual Studio 14
VisualStudioVersion = 14.0.23107.0
MinimumVisualStudioVersion = 10.0.40219.1
Project("{FAE04EC0-301F-11D3-BF4B-00C04F79EFBC}") = "DS4ConsolePort", "DS4ConsolePort\DS4ConsolePort.csproj", "{7522EE2C-3977-4FFA-B6AA-4990D4D0BF5F}"
	ProjectSection(ProjectDependencies) = postProject
		{C9DC9CB2-3352-41FF-8084-9ADE0EE4ABFA} = {C9DC9CB2-3352-41FF-8084-9ADE0EE4ABFA}
	EndProjectSection
EndProject
Project("{FAE04EC0-301F-11D3-BF4B-00C04F79EFBC}") = "DS4CP_AdvancedHaptics", "DS4CP_AdvancedHaptics\DS4CP_AdvancedHaptics.csproj", "{14FCCDD6-7741-4D4A-BF33-4A9C04917F76}"
EndProject
Project("{FAE04EC0-301F-11D3-BF4B-00C04F79EFBC}") = "DS4CP_Driver", "DS4CP_Driver\DS4CP_Driver.csproj", "{7B9354BF-AF82-4CCB-A83D-4BEB1E9D8C96}"
EndProject
Project("{FAE04EC0-301F-11D3-BF4B-00C04F79EFBC}") = "DS4CP_Updater", "DS4CP_Updater\DS4CP_Updater.csproj", "{C9DC9CB2-3352-41FF-8084-9ADE0EE4ABFA}"
EndProject
Global
	GlobalSection(Performance) = preSolution
		HasPerformanceSessions = true
	EndGlobalSection
	GlobalSection(SolutionConfigurationPlatforms) = preSolution
		Debug|Any CPU = Debug|Any CPU
		Debug|x64 = Debug|x64
		Release|Any CPU = Release|Any CPU
		Release|x64 = Release|x64
	EndGlobalSection
	GlobalSection(ProjectConfigurationPlatforms) = postSolution
		{7522EE2C-3977-4FFA-B6AA-4990D4D0BF5F}.Debug|Any CPU.ActiveCfg = Debug|Any CPU
		{7522EE2C-3977-4FFA-B6AA-4990D4D0BF5F}.Debug|Any CPU.Build.0 = Debug|Any CPU
		{7522EE2C-3977-4FFA-B6AA-4990D4D0BF5F}.Debug|x64.ActiveCfg = Debug|Any CPU
		{7522EE2C-3977-4FFA-B6AA-4990D4D0BF5F}.Debug|x64.Build.0 = Debug|Any CPU
		{7522EE2C-3977-4FFA-B6AA-4990D4D0BF5F}.Release|Any CPU.ActiveCfg = Release|Any CPU
		{7522EE2C-3977-4FFA-B6AA-4990D4D0BF5F}.Release|Any CPU.Build.0 = Release|Any CPU
		{7522EE2C-3977-4FFA-B6AA-4990D4D0BF5F}.Release|x64.ActiveCfg = Release|Any CPU
		{7522EE2C-3977-4FFA-B6AA-4990D4D0BF5F}.Release|x64.Build.0 = Release|Any CPU
		{14FCCDD6-7741-4D4A-BF33-4A9C04917F76}.Debug|Any CPU.ActiveCfg = Debug|Any CPU
		{14FCCDD6-7741-4D4A-BF33-4A9C04917F76}.Debug|Any CPU.Build.0 = Debug|Any CPU
		{14FCCDD6-7741-4D4A-BF33-4A9C04917F76}.Debug|x64.ActiveCfg = Debug|Any CPU
		{14FCCDD6-7741-4D4A-BF33-4A9C04917F76}.Debug|x64.Build.0 = Debug|Any CPU
		{14FCCDD6-7741-4D4A-BF33-4A9C04917F76}.Release|Any CPU.ActiveCfg = Release|Any CPU
		{14FCCDD6-7741-4D4A-BF33-4A9C04917F76}.Release|Any CPU.Build.0 = Release|Any CPU
		{14FCCDD6-7741-4D4A-BF33-4A9C04917F76}.Release|x64.ActiveCfg = Release|Any CPU
		{14FCCDD6-7741-4D4A-BF33-4A9C04917F76}.Release|x64.Build.0 = Release|Any CPU
		{7B9354BF-AF82-4CCB-A83D-4BEB1E9D8C96}.Debug|Any CPU.ActiveCfg = Debug|Any CPU
		{7B9354BF-AF82-4CCB-A83D-4BEB1E9D8C96}.Debug|Any CPU.Build.0 = Debug|Any CPU
		{7B9354BF-AF82-4CCB-A83D-4BEB1E9D8C96}.Debug|x64.ActiveCfg = Debug|Any CPU
		{7B9354BF-AF82-4CCB-A83D-4BEB1E9D8C96}.Debug|x64.Build.0 = Debug|Any CPU
		{7B9354BF-AF82-4CCB-A83D-4BEB1E9D8C96}.Release|Any CPU.ActiveCfg = Release|Any CPU
		{7B9354BF-AF82-4CCB-A83D-4BEB1E9D8C96}.Release|Any CPU.Build.0 = Release|Any CPU
		{7B9354BF-AF82-4CCB-A83D-4BEB1E9D8C96}.Release|x64.ActiveCfg = Release|Any CPU
		{7B9354BF-AF82-4CCB-A83D-4BEB1E9D8C96}.Release|x64.Build.0 = Release|Any CPU
		{C9DC9CB2-3352-41FF-8084-9ADE0EE4ABFA}.Debug|Any CPU.ActiveCfg = Debug|Any CPU
		{C9DC9CB2-3352-41FF-8084-9ADE0EE4ABFA}.Debug|Any CPU.Build.0 = Debug|Any CPU
		{C9DC9CB2-3352-41FF-8084-9ADE0EE4ABFA}.Debug|x64.ActiveCfg = Debug|Any CPU
		{C9DC9CB2-3352-41FF-8084-9ADE0EE4ABFA}.Debug|x64.Build.0 = Debug|Any CPU
		{C9DC9CB2-3352-41FF-8084-9ADE0EE4ABFA}.Release|Any CPU.ActiveCfg = Release|Any CPU
		{C9DC9CB2-3352-41FF-8084-9ADE0EE4ABFA}.Release|Any CPU.Build.0 = Release|Any CPU
		{C9DC9CB2-3352-41FF-8084-9ADE0EE4ABFA}.Release|x64.ActiveCfg = Release|Any CPU
		{C9DC9CB2-3352-41FF-8084-9ADE0EE4ABFA}.Release|x64.Build.0 = Release|Any CPU
	EndGlobalSection
	GlobalSection(SolutionProperties) = preSolution
		HideSolutionNode = FALSE
	EndGlobalSection
EndGlobal
