
Microsoft Visual Studio Solution File, Format Version 12.00

VisualStudioVersion = 14.0.24720.0
MinimumVisualStudioVersion = 10.0.40219.1
Project("{FAE04EC0-301F-11D3-BF4B-00C04F79EFBC}") = "WoWmapper", "WoWmapper\\WoWmapper.csproj", "{7B09CB4F-E70B-462F-9C53-C0A3E895E47F}"
EndProject
Project("{FAE04EC0-301F-11D3-BF4B-00C04F79EFBC}") = "WoWmapper_Updater", "WoWmapper_Updater\\WoWmapper_Updater.csproj", "{047A597C-72F8-4237-BD9E-ECBB396D361D}"
EndProject
Global
	GlobalSection(SolutionConfigurationPlatforms) = preSolution
		Debug|Any CPU = Debug|Any CPU
		Release|Any CPU = Release|Any CPU
	EndGlobalSection
	GlobalSection(ProjectConfigurationPlatforms) = postSolution
		{7B09CB4F-E70B-462F-9C53-C0A3E895E47F}.Debug|Any CPU.ActiveCfg = Debug|Any CPU
		{7B09CB4F-E70B-462F-9C53-C0A3E895E47F}.Debug|Any CPU.Build.0 = Debug|Any CPU
		{7B09CB4F-E70B-462F-9C53-C0A3E895E47F}.Release|Any CPU.ActiveCfg = Release|Any CPU
		{7B09CB4F-E70B-462F-9C53-C0A3E895E47F}.Release|Any CPU.Build.0 = Release|Any CPU
		{047A597C-72F8-4237-BD9E-ECBB396D361D}.Debug|Any CPU.ActiveCfg = Debug|Any CPU
		{047A597C-72F8-4237-BD9E-ECBB396D361D}.Debug|Any CPU.Build.0 = Debug|Any CPU
		{047A597C-72F8-4237-BD9E-ECBB396D361D}.Release|Any CPU.ActiveCfg = Release|Any CPU
		{047A597C-72F8-4237-BD9E-ECBB396D361D}.Release|Any CPU.Build.0 = Release|Any CPU
	EndGlobalSection
	GlobalSection(SolutionProperties) = preSolution
		HideSolutionNode = FALSE
	EndGlobalSection
	GlobalSection(ExtensibilityGlobals) = postSolution
		RESX_PrefixTranslations = False
	EndGlobalSection
EndGlobal
